<?xml version="1.0" encoding="utf-8"?>
<Project ToolsVersion="4.0" xmlns="http://schemas.microsoft.com/developer/msbuild/2003">
  <ItemGroup>
    <Filter Include="Source Files">
      <UniqueIdentifier>{0cf5ff95-c01e-4358-a9db-b3c3f2ca1717}</UniqueIdentifier>
      <Extensions>cpp;c;cxx;rc;def;r;odl;idl;hpj;bat</Extensions>
    </Filter>
    <Filter Include="Header Files">
      <UniqueIdentifier>{4d8af3e6-a539-444b-a56d-8873e42cc711}</UniqueIdentifier>
      <Extensions>h;hpp;hxx;hm;inl</Extensions>
    </Filter>
    <Filter Include="Resource Files">
      <UniqueIdentifier>{ea60516c-15e8-409f-836c-e483a0b560ff}</UniqueIdentifier>
      <Extensions>ico;cur;bmp;dlg;rc2;rct;bin;rgs;gif;jpg;jpeg;jpe</Extensions>
    </Filter>
  </ItemGroup>
  <ItemGroup>
    <ClCompile Include="choujiang.cpp">
      <Filter>Source Files</Filter>
    </ClCompile>
    <ClCompile Include="choujiangDlg.cpp">
      <Filter>Source Files</Filter>
    </ClCompile>
    <ClCompile Include="StdAfx.cpp">
      <Filter>Source Files</Filter>
    </ClCompile>
    <ClCompile Include="TransparentStatic.cpp">
      <Filter>Source Files</Filter>
    </ClCompile>
  </ItemGroup>
  <ItemGroup>
    <ResourceCompile Include="choujiang.rc">
      <Filter>Source Files</Filter>
    </ResourceCompile>
  </ItemGroup>
  <ItemGroup>
    <ClInclude Include="choujiang.h">
      <Filter>Header Files</Filter>
    </ClInclude>
    <ClInclude Include="choujiangDlg.h">
      <Filter>Header Files</Filter>
    </ClInclude>
    <ClInclude Include="Resource.h">
      <Filter>Header Files</Filter>
    </ClInclude>
    <ClInclude Include="StdAfx.h">
      <Filter>Header Files</Filter>
    </ClInclude>
    <ClInclude Include="TransparentStatic.h">
      <Filter>Resource Files</Filter>
    </ClInclude>
  </ItemGroup>
  <ItemGroup>
    <Image Include="backgound.bmp">
      <Filter>Resource Files</Filter>
    </Image>
    <Image Include="res\bitmap4.bmp">
      <Filter>Resource Files</Filter>
    </Image>
    <Image Include="btchoujiang.bmp">
      <Filter>Resource Files</Filter>
    </Image>
    <Image Include="btchoujiangunable.bmp">
      <Filter>Resource Files</Filter>
    </Image>
    <Image Include="btstopdown .bmp">
      <Filter>Resource Files</Filter>
    </Image>
    <Image Include="bttingzhi.bmp">
      <Filter>Resource Files</Filter>
    </Image>
    <Image Include="res\choujiang.ico">
      <Filter>Resource Files</Filter>
    </Image>
    <Image Include="info.bmp">
      <Filter>Resource Files</Filter>
    </Image>
    <Image Include="info2.bmp">
      <Filter>Resource Files</Filter>
    </Image>
    <Image Include="left.bmp">
      <Filter>Resource Files</Filter>
    </Image>
    <Image Include="logo.bmp">
      <Filter>Resource Files</Filter>
    </Image>
    <Image Include="name.bmp">
      <Filter>Resource Files</Filter>
    </Image>
    <Image Include="upp.bmp">
      <Filter>Resource Files</Filter>
    </Image>
  </ItemGroup>
  <ItemGroup>
    <None Include="res\choujiang.rc2">
      <Filter>Resource Files</Filter>
    </None>
  </ItemGroup>
  <ItemGroup>
    <Text Include="ReadMe.txt" />
  </ItemGroup>
</Project>